
Microsoft Visual Studio Solution File, Format Version 12.00
# Visual Studio Version 16
VisualStudioVersion = 16.0.31005.135
MinimumVisualStudioVersion = 10.0.40219.1
Project("{9A19103F-16F7-4668-BE54-9A1E7A4F7556}") = "CloudConvert.API", "CloudConvert.API\CloudConvert.API.csproj", "{8DE90A04-BF0F-4E50-A678-1DA049CF04DD}"
EndProject
Project("{9A19103F-16F7-4668-BE54-9A1E7A4F7556}") = "CloudConvert.Test", "CloudConvert.Test\CloudConvert.Test.csproj", "{C246A2DC-2CB2-4C66-B53F-EFA4782A2709}"
EndProject
Global
	GlobalSection(SolutionConfigurationPlatforms) = preSolution
		Debug|Any CPU = Debug|Any CPU
		Release|Any CPU = Release|Any CPU
	EndGlobalSection
	GlobalSection(ProjectConfigurationPlatforms) = postSolution
		{8DE90A04-BF0F-4E50-A678-1DA049CF04DD}.Debug|Any CPU.ActiveCfg = Debug|Any CPU
		{8DE90A04-BF0F-4E50-A678-1DA049CF04DD}.Debug|Any CPU.Build.0 = Debug|Any CPU
		{8DE90A04-BF0F-4E50-A678-1DA049CF04DD}.Release|Any CPU.ActiveCfg = Release|Any CPU
		{8DE90A04-BF0F-4E50-A678-1DA049CF04DD}.Release|Any CPU.Build.0 = Release|Any CPU
		{C246A2DC-2CB2-4C66-B53F-EFA4782A2709}.Debug|Any CPU.ActiveCfg = Debug|Any CPU
		{C246A2DC-2CB2-4C66-B53F-EFA4782A2709}.Debug|Any CPU.Build.0 = Debug|Any CPU
		{C246A2DC-2CB2-4C66-B53F-EFA4782A2709}.Release|Any CPU.ActiveCfg = Release|Any CPU
		{C246A2DC-2CB2-4C66-B53F-EFA4782A2709}.Release|Any CPU.Build.0 = Release|Any CPU
	EndGlobalSection
	GlobalSection(SolutionProperties) = preSolution
		HideSolutionNode = FALSE
	EndGlobalSection
	GlobalSection(ExtensibilityGlobals) = postSolution
		SolutionGuid = {1E54D0DF-699A-44B5-9A4E-89BD1E6FA6DC}
	EndGlobalSection
EndGlobal
